# This file is autogenerated, do not edit; changes may be undone by the next 'dep ensure'.


[[projects]]
  digest = "1:9f3b30d9f8e0d7040f729b82dcbc8f0dead820a133b3147ce355fc451f32d761"
  name = "github.com/BurntSushi/toml"
  packages = ["."]
  pruneopts = "UT"
  revision = "3012a1dbe2e4bd1391d42b32f0577cb7bbc7f005"
  version = "v0.3.1"

[[projects]]
  digest = "1:cb334aac9ed6df2e7518a34d48dcb70af5e423981abe279761dfc545deff7481"
  name = "github.com/Songmu/retry"
  packages = ["."]
  pruneopts = "UT"
  revision = "3b66b2f4a94a73bd4afaeeed2390db2527ac2b81"
  version = "v0.1.0"

[[projects]]
  branch = "master"
  digest = "1:1a200e7e73293b75eb8e5c93d023b5472663432da0b663e1532624fcfede9ca8"
  name = "github.com/anmitsu/go-shlex"
  packages = ["."]
  pruneopts = "UT"
  revision = "648efa622239a2f6ff949fed78ee37b48d499ba4"

[[projects]]
  digest = "1:0f98f59e9a2f4070d66f0c9c39561f68fcd1dc837b22a852d28d0003aebd1b1e"
  name = "github.com/boltdb/bolt"
  packages = ["."]
  pruneopts = "UT"
  revision = "2f1ce7a837dcb8da3ec595b1dac9d0632f0f99e8"
  version = "v1.3.1"

[[projects]]
  digest = "1:c08f898868838e16e9f6caa00ea6eeb2bcbfcd8a374f602c3e3b305092079a3f"
  name = "github.com/cbroglie/mustache"
  packages = ["."]
  pruneopts = "UT"
  revision = "eb931a9d20042e51d8a3a9ad5a9ba9bc8282c564"
  version = "v1.0.1"

[[projects]]
  digest = "1:f7f103fbcdadb44ba57f3fff677aa7f719948ba010cbbee5b69ab6067d3ab66b"
  name = "github.com/cheynewallace/tabby"
  packages = ["."]
  pruneopts = "UT"
  revision = "32f05d9eda409be9e968b440181da339cba4f212"
  version = "v1.1.0"

[[projects]]
  branch = "master"
  digest = "1:56c7aa3f4d5aa54f3fbfe4dfc18f4b485f56f79e8095bb779326e1cb1fbe4eba"
  name = "github.com/cjoudrey/gluahttp"
  packages = ["."]
  pruneopts = "UT"
  revision = "101c19a37344a9e3412b39bc8002419487420331"

[[projects]]
  digest = "1:6f9339c912bbdda81302633ad7e99a28dfa5a639c864061f1929510a9a64aa74"
  name = "github.com/dustin/go-humanize"
  packages = ["."]
  pruneopts = "UT"
  revision = "9f541cc9db5d55bce703bd99987c9d5cb8eea45e"
  version = "v1.0.0"

[[projects]]
  digest = "1:c3f0e909d9834aede2dca8824d35f8def272defc400e530bd0e76481a43e1f38"
  name = "github.com/gliderlabs/ssh"
  packages = ["."]
  pruneopts = "UT"
  revision = "4b72c663cfb315ecfb9f6be5c106c0c693ce196b"
  version = "v0.1.3"

[[projects]]
  digest = "1:ec6f9bf5e274c833c911923c9193867f3f18788c461f76f05f62bb1510e0ae65"
  name = "github.com/go-sql-driver/mysql"
  packages = ["."]
  pruneopts = "UT"
  revision = "72cd26f257d44c1114970e19afddcd812016007e"
  version = "v1.4.1"

[[projects]]
  branch = "master"
  digest = "1:f433da6fbabb0bd1bd730fd340782015c644123d02eb78c20c69ce03352daad1"
  name = "github.com/kardianos/osext"
  packages = ["."]
  pruneopts = "UT"
  revision = "2bc1f35cddc0cc527b4bc3dce8578fc2a6c11384"

[[projects]]
  digest = "1:523e7bda2a76ca00f197a434031580eaf2f29e4270c0e24939cad32ca910a72e"
  name = "github.com/kayac/go-katsubushi"
  packages = ["."]
  pruneopts = "UT"
  revision = "83b25aeb977f4ce244ec0258c9bd712e146006c2"
  version = "v1.5.4"

[[projects]]
  branch = "master"
  digest = "1:9f97b16ac33fe0c2266f922d9b6c41d6820ec29affd054503379aae6e0675477"
  name = "github.com/kohkimakimoto/boltutil"
  packages = ["."]
  pruneopts = "UT"
  revision = "1245d08380461e300d9f2c3b3f60f79419d179ed"

[[projects]]
  branch = "master"
  digest = "1:168f669cc3d04295064ff2868c9bb48856fb8169d7aea36b7e1f06b7291138ac"
  name = "github.com/kohkimakimoto/gluatemplate"
  packages = ["."]
  pruneopts = "UT"
  revision = "d9e2c9d6b00f069a9da377a9ac529c827c1c7d71"

[[projects]]
  branch = "master"
  digest = "1:503f286c61607ff037f3c4f778d9b003be38f1718d2528ba4344b4bb65a2a709"
  name = "github.com/kohkimakimoto/skyforge"
  packages = [
    "client",
    "glualib/gluaansicolors",
    "glualib/gluabase64",
    "glualib/gluamapper",
    "glualib/gluatabby",
    "glualib/gluautil",
    "server",
    "skyforge",
    "structs",
    "util/logutil",
  ]
  pruneopts = "UT"
  revision = "faa6ea461897e47144d925df913546c291a93025"

[[projects]]
  branch = "master"
  digest = "1:5b4ba0b32ce93a5cf68fb3559b097cf85f440d1a14eac1fbd6014264f28cd362"
  name = "github.com/kr/pty"
  packages = ["."]
  pruneopts = "UT"
  revision = "b6e1bdd4a4f88614e0c6e5e8089c7abed98aae17"

[[projects]]
  digest = "1:688475ae01f983eceee598c7706119c8cc7649f382e4a186168ea7f9d472727a"
  name = "github.com/labstack/echo"
  packages = ["."]
  pruneopts = "UT"
  revision = "6d9e043284aea2d07f5fcaf0d3a424eb7d9f6109"
  version = "v4.0.0"

[[projects]]
  digest = "1:01eb0269028d3c2e21b5b6cd9b1ba81bc4170ab293fcffa84e3aa3a6138a92e8"
  name = "github.com/labstack/gommon"
  packages = [
    "color",
    "log",
  ]
  pruneopts = "UT"
  revision = "7fd9f68ece0bcb1a905fac8f1549f0083f71c51b"
  version = "v0.2.8"

[[projects]]
  digest = "1:8ef506fc2bb9ced9b151dafa592d4046063d744c646c1bbe801982ce87e4bc24"
  name = "github.com/lib/pq"
  packages = [
    ".",
    "oid",
  ]
  pruneopts = "UT"
  revision = "4ded0e9383f75c197b3a2aaa6d590ac52df6fd79"
  version = "v1.0.0"

[[projects]]
  digest = "1:2fa7b0155cd54479a755c629de26f888a918e13f8857a2c442205d825368e084"
  name = "github.com/mattn/go-colorable"
  packages = ["."]
  pruneopts = "UT"
  revision = "3a70a971f94a22f2fa562ffcc7a0eb45f5daf045"
  version = "v0.1.1"

[[projects]]
  digest = "1:e150b5fafbd7607e2d638e4e5cf43aa4100124e5593385147b0a74e2733d8b0d"
  name = "github.com/mattn/go-isatty"
  packages = ["."]
  pruneopts = "UT"
  revision = "c2a7a6ca930a4cd0bc33a3f298eb71960732a3a7"
  version = "v0.0.7"

[[projects]]
  branch = "master"
  digest = "1:a310b34fdb4af778ac92cdc961165fa4d994ea9753c3da99bd9e5285b94cde6a"
  name = "github.com/mattn/go-shellwords"
  packages = ["."]
  pruneopts = "UT"
  revision = "a72fbe27a1b0ed0df2f02754945044ce1456608b"

[[projects]]
  digest = "1:4a49346ca45376a2bba679ca0e83bec949d780d4e927931317904bad482943ec"
  name = "github.com/mattn/go-sqlite3"
  packages = ["."]
  pruneopts = "UT"
  revision = "c7c4067b79cc51e6dfdcef5c702e74b1e0fa7c75"
  version = "v1.10.0"

[[projects]]
  digest = "1:53bc4cd4914cd7cd52139990d5170d6dc99067ae31c56530621b18b35fc30318"
  name = "github.com/mitchellh/mapstructure"
  packages = ["."]
  pruneopts = "UT"
  revision = "3536a929edddb9a5b34bd6861dc4a9647cb459fe"
  version = "v1.1.2"

[[projects]]
  digest = "1:cf31692c14422fa27c83a05292eb5cbe0fb2775972e8f1f8446a71549bd8980b"
  name = "github.com/pkg/errors"
  packages = ["."]
  pruneopts = "UT"
  revision = "ba968bfe8b2f7e042a574c888954fccecfa385b4"
  version = "v0.8.1"

[[projects]]
  digest = "1:ed615c5430ecabbb0fb7629a182da65ecee6523900ac1ac932520860878ffcad"
  name = "github.com/robfig/cron"
  packages = ["."]
  pruneopts = "UT"
  revision = "b41be1df696709bb6395fe435af20370037c0b4c"
  version = "v1.1"

[[projects]]
  digest = "1:420817f94b6c172dabb8a054d0b2d257d7437a87c7c8c7ee432bc008a577fc46"
  name = "github.com/technoweenie/multipartstreamer"
  packages = ["."]
  pruneopts = "UT"
  revision = "a90a01d73ae432e2611d178c18367fbaa13e0154"
  version = "v1.0.1"

[[projects]]
  digest = "1:b24d38b282bacf9791408a080f606370efa3d364e4b5fd9ba0f7b87786d3b679"
  name = "github.com/urfave/cli"
  packages = ["."]
  pruneopts = "UT"
  revision = "cfb38830724cc34fedffe9a2a29fb54fa9169cd1"
  version = "v1.20.0"

[[projects]]
  branch = "master"
  digest = "1:a454eab33f2a06b7fe4da8f07ad8b0c2167ddd7557df01fcd0a9de028ab1efff"
  name = "github.com/vadv/gopher-lua-libs"
  packages = [
    ".",
    "cert_util",
    "chef",
    "cmd",
    "crypto",
    "db",
    "filepath",
    "goos",
    "http",
    "http/client",
    "http/client/interface",
    "http/server",
    "http/util",
    "humanize",
    "inspect",
    "ioutil",
    "json",
    "plugin",
    "pprof",
    "regexp",
    "runtime",
    "storage",
    "storage/drivers",
    "storage/drivers/interfaces",
    "storage/drivers/memory",
    "strings",
    "tac",
    "tcp",
    "telegram",
    "template",
    "time",
    "xmlpath",
    "yaml",
    "zabbix",
  ]
  pruneopts = "UT"
  revision = "1e585b83c4b2a32858d34ac597671ecb8ee516a5"

[[projects]]
  digest = "1:c468422f334a6b46a19448ad59aaffdfc0a36b08fdcc1c749a0b29b6453d7e59"
  name = "github.com/valyala/bytebufferpool"
  packages = ["."]
  pruneopts = "UT"
  revision = "e746df99fe4a3986f4d4f79e13c1e0117ce9c2f7"
  version = "v1.0.0"

[[projects]]
  digest = "1:4d29fdc69817829d8c78473d61613d984ce59675110cee7a2f0314f332cc70a2"
  name = "github.com/valyala/fasttemplate"
  packages = ["."]
  pruneopts = "UT"
  revision = "8b5e4e491ab636663841c42ea3c5a9adebabaf36"
  version = "v1.0.1"

[[projects]]
  branch = "master"
  digest = "1:8c4037cfe969b0ce37e1bd68b7dcc47b51c5ee78328b23627015af7d8bc72606"
  name = "github.com/yuin/gluamapper"
  packages = ["."]
  pruneopts = "UT"
  revision = "d836955830e75240d46ce9f0e6d148d94f2e1d3a"

[[projects]]
  branch = "master"
  digest = "1:bd191b42ec841c1f7eff4206367220294d91fd7fa01b33e1a2ce6084eb2c5ce2"
  name = "github.com/yuin/gopher-lua"
  packages = [
    ".",
    "ast",
    "parse",
    "pm",
  ]
  pruneopts = "UT"
  revision = "8bfc7677f583b35a5663a9dd934c08f3b5774bbb"

[[projects]]
  digest = "1:777e729b475d3895c7229552aa10076f0d177daf37c0a72258006d046d329960"
  name = "go.uber.org/atomic"
  packages = ["."]
  pruneopts = "UT"
  revision = "4e336646b2ef9fc6e47be8e21594178f98e5ebcf"
  version = "v1.2.0"

[[projects]]
  digest = "1:60bf2a5e347af463c42ed31a493d817f8a72f102543060ed992754e689805d1a"
  name = "go.uber.org/multierr"
  packages = ["."]
  pruneopts = "UT"
  revision = "3c4937480c32f4c13a875a1829af76c98ca3d40a"
  version = "v1.1.0"

[[projects]]
  digest = "1:c52caf7bd44f92e54627a31b85baf06a68333a196b3d8d241480a774733dcf8b"
  name = "go.uber.org/zap"
  packages = [
    ".",
    "buffer",
    "internal/bufferpool",
    "internal/color",
    "internal/exit",
    "zapcore",
  ]
  pruneopts = "UT"
  revision = "ff33455a0e382e8a81d14dd7c922020b6b5e7982"
  version = "v1.9.1"

[[projects]]
  branch = "master"
  digest = "1:0c9cf52c84af4c822805f75ddaa4b70551e7fdc0efc50157d13ce4040e6fabf7"
  name = "golang.org/x/crypto"
  packages = [
    "acme",
    "acme/autocert",
    "curve25519",
    "ed25519",
    "ed25519/internal/edwards25519",
    "internal/chacha20",
    "internal/subtle",
    "poly1305",
    "ssh",
    "ssh/agent",
    "ssh/terminal",
  ]
  pruneopts = "UT"
  revision = "38d8ce5564a5b71b2e3a00553993f1b9a7ae852f"

[[projects]]
  branch = "master"
  digest = "1:81e1a7dd1ab100e3ac0ad948e844959a0ebb225ad22849ccfa028503da17caed"
  name = "golang.org/x/net"
  packages = [
    "html",
    "html/atom",
  ]
  pruneopts = "UT"
  revision = "eb5bcb51f2a31c7d5141d810b70815c05d9c9146"

[[projects]]
  branch = "master"
  digest = "1:580bd6f5fcc95d5d3dfa5f6916ccfaac7abb1722b1bfc7f042603e167428a802"
  name = "golang.org/x/sys"
  packages = [
    "cpu",
    "unix",
    "windows",
  ]
  pruneopts = "UT"
  revision = "4b34438f7a67ee5f45cc6132e2bad873a20324e9"

[[projects]]
  digest = "1:c25289f43ac4a68d88b02245742347c94f1e108c534dda442188015ff80669b3"
  name = "google.golang.org/appengine"
  packages = ["cloudsql"]
  pruneopts = "UT"
  revision = "54a98f90d1c46b7731eb8fb305d2a321c30ef610"
  version = "v1.5.0"

[[projects]]
  branch = "v2"
  digest = "1:c78e25c1cf10b1d9d1dd866f3f246f239b66d4648a16e3da1c098444e288c0e9"
  name = "gopkg.in/xmlpath.v2"
  packages = ["."]
  pruneopts = "UT"
  revision = "860cbeca3ebcc600db0b213c0e83ad6ce91f5739"

[[projects]]
  digest = "1:4d2e5a73dc1500038e504a8d78b986630e3626dc027bc030ba5c75da257cdb96"
  name = "gopkg.in/yaml.v2"
  packages = ["."]
  pruneopts = "UT"
  revision = "51d6538a90f86fe93ac480b35f37b2be17fef232"
  version = "v2.2.2"

[solve-meta]
  analyzer-name = "dep"
  analyzer-version = 1
  input-imports = [
    "github.com/kohkimakimoto/skyforge/client",
    "github.com/kohkimakimoto/skyforge/server",
    "github.com/pkg/errors",
    "github.com/urfave/cli",
  ]
  solver-name = "gps-cdcl"
  solver-version = 1
